
Microsoft Visual Studio Solution File, Format Version 12.00
# Visual Studio Version 17
VisualStudioVersion = 17.0.31912.275
MinimumVisualStudioVersion = 10.0.40219.1
Project("{8BC9CEB8-8B4A-11D0-8D11-00A0C91BC942}") = "ConsoleApplication1", "ConsoleApplication1\ConsoleApplication1.vcxproj", "{BC1D6243-9ACA-419B-9CD4-18C1548847E4}"
EndProject
Project("{8BC9CEB8-8B4A-11D0-8D11-00A0C91BC942}") = "ConsoleApplication2", "ConsoleApplication2\ConsoleApplication2.vcxproj", "{030169A5-44D8-43FF-B657-5AC7BC2310C2}"
EndProject
Project("{8BC9CEB8-8B4A-11D0-8D11-00A0C91BC942}") = "ConsoleApplication3", "ConsoleApplication3\ConsoleApplication3.vcxproj", "{5DF6870A-B26B-4E16-A9C0-8BC3A5FF8FE5}"
EndProject
Project("{8BC9CEB8-8B4A-11D0-8D11-00A0C91BC942}") = "ConsoleApplication4", "ConsoleApplication4\ConsoleApplication4.vcxproj", "{65EFD6F3-0378-4FDF-B932-07BA80EF7ED6}"
EndProject
Project("{8BC9CEB8-8B4A-11D0-8D11-00A0C91BC942}") = "ConsoleApplication5", "ConsoleApplication5\ConsoleApplication5.vcxproj", "{24F6F0B5-363D-4B8E-B19B-1EED6B1EB092}"
EndProject
Project("{8BC9CEB8-8B4A-11D0-8D11-00A0C91BC942}") = "ConsoleApplication6", "ConsoleApplication6\ConsoleApplication6.vcxproj", "{B8EDB631-3123-44B8-85CE-99872D4C455C}"
EndProject
Project("{8BC9CEB8-8B4A-11D0-8D11-00A0C91BC942}") = "ConsoleApplication7", "ConsoleApplication7\ConsoleApplication7.vcxproj", "{955366F2-BA1A-49BB-9790-0BD7728D5FA3}"
EndProject
Project("{8BC9CEB8-8B4A-11D0-8D11-00A0C91BC942}") = "ConsoleApplication8", "ConsoleApplication8\ConsoleApplication8.vcxproj", "{F1A9A6A4-7387-4EF6-8A2C-5351AA345602}"
EndProject
Project("{8BC9CEB8-8B4A-11D0-8D11-00A0C91BC942}") = "ConsoleApplication9", "ConsoleApplication9\ConsoleApplication9.vcxproj", "{BB2DD7AC-20AF-4439-A60D-7F156306080D}"
EndProject
Project("{8BC9CEB8-8B4A-11D0-8D11-00A0C91BC942}") = "ConsoleApplication10", "ConsoleApplication10\ConsoleApplication10.vcxproj", "{1ED806CF-0B1E-4D86-B28B-1B8A560B3FC1}"
EndProject
Project("{8BC9CEB8-8B4A-11D0-8D11-00A0C91BC942}") = "ConsoleApplication11", "ConsoleApplication11\ConsoleApplication11.vcxproj", "{B2C87F15-86CA-4EC8-80BD-0655B0A45167}"
EndProject
Global
	GlobalSection(SolutionConfigurationPlatforms) = preSolution
		Debug|ARM = Debug|ARM
		Debug|ARM64 = Debug|ARM64
		Debug|x64 = Debug|x64
		Debug|x86 = Debug|x86
		Release|ARM = Release|ARM
		Release|ARM64 = Release|ARM64
		Release|x64 = Release|x64
		Release|x86 = Release|x86
	EndGlobalSection
	GlobalSection(ProjectConfigurationPlatforms) = postSolution
		{BC1D6243-9ACA-419B-9CD4-18C1548847E4}.Debug|ARM.ActiveCfg = Debug|ARM
		{BC1D6243-9ACA-419B-9CD4-18C1548847E4}.Debug|ARM.Build.0 = Debug|ARM
		{BC1D6243-9ACA-419B-9CD4-18C1548847E4}.Debug|ARM.Deploy.0 = Debug|ARM
		{BC1D6243-9ACA-419B-9CD4-18C1548847E4}.Debug|ARM64.ActiveCfg = Debug|ARM64
		{BC1D6243-9ACA-419B-9CD4-18C1548847E4}.Debug|ARM64.Build.0 = Debug|ARM64
		{BC1D6243-9ACA-419B-9CD4-18C1548847E4}.Debug|ARM64.Deploy.0 = Debug|ARM64
		{BC1D6243-9ACA-419B-9CD4-18C1548847E4}.Debug|x64.ActiveCfg = Debug|x64
		{BC1D6243-9ACA-419B-9CD4-18C1548847E4}.Debug|x64.Build.0 = Debug|x64
		{BC1D6243-9ACA-419B-9CD4-18C1548847E4}.Debug|x64.Deploy.0 = Debug|x64
		{BC1D6243-9ACA-419B-9CD4-18C1548847E4}.Debug|x86.ActiveCfg = Debug|x86
		{BC1D6243-9ACA-419B-9CD4-18C1548847E4}.Debug|x86.Build.0 = Debug|x86
		{BC1D6243-9ACA-419B-9CD4-18C1548847E4}.Debug|x86.Deploy.0 = Debug|x86
		{BC1D6243-9ACA-419B-9CD4-18C1548847E4}.Release|ARM.ActiveCfg = Release|ARM
		{BC1D6243-9ACA-419B-9CD4-18C1548847E4}.Release|ARM.Build.0 = Release|ARM
		{BC1D6243-9ACA-419B-9CD4-18C1548847E4}.Release|ARM.Deploy.0 = Release|ARM
		{BC1D6243-9ACA-419B-9CD4-18C1548847E4}.Release|ARM64.ActiveCfg = Release|ARM64
		{BC1D6243-9ACA-419B-9CD4-18C1548847E4}.Release|ARM64.Build.0 = Release|ARM64
		{BC1D6243-9ACA-419B-9CD4-18C1548847E4}.Release|ARM64.Deploy.0 = Release|ARM64
		{BC1D6243-9ACA-419B-9CD4-18C1548847E4}.Release|x64.ActiveCfg = Release|x64
		{BC1D6243-9ACA-419B-9CD4-18C1548847E4}.Release|x64.Build.0 = Release|x64
		{BC1D6243-9ACA-419B-9CD4-18C1548847E4}.Release|x64.Deploy.0 = Release|x64
		{BC1D6243-9ACA-419B-9CD4-18C1548847E4}.Release|x86.ActiveCfg = Release|x86
		{BC1D6243-9ACA-419B-9CD4-18C1548847E4}.Release|x86.Build.0 = Release|x86
		{BC1D6243-9ACA-419B-9CD4-18C1548847E4}.Release|x86.Deploy.0 = Release|x86
		{030169A5-44D8-43FF-B657-5AC7BC2310C2}.Debug|ARM.ActiveCfg = Debug|ARM
		{030169A5-44D8-43FF-B657-5AC7BC2310C2}.Debug|ARM.Build.0 = Debug|ARM
		{030169A5-44D8-43FF-B657-5AC7BC2310C2}.Debug|ARM.Deploy.0 = Debug|ARM
		{030169A5-44D8-43FF-B657-5AC7BC2310C2}.Debug|ARM64.ActiveCfg = Debug|ARM64
		{030169A5-44D8-43FF-B657-5AC7BC2310C2}.Debug|ARM64.Build.0 = Debug|ARM64
		{030169A5-44D8-43FF-B657-5AC7BC2310C2}.Debug|ARM64.Deploy.0 = Debug|ARM64
		{030169A5-44D8-43FF-B657-5AC7BC2310C2}.Debug|x64.ActiveCfg = Debug|x64
		{030169A5-44D8-43FF-B657-5AC7BC2310C2}.Debug|x64.Build.0 = Debug|x64
		{030169A5-44D8-43FF-B657-5AC7BC2310C2}.Debug|x64.Deploy.0 = Debug|x64
		{030169A5-44D8-43FF-B657-5AC7BC2310C2}.Debug|x86.ActiveCfg = Debug|x86
		{030169A5-44D8-43FF-B657-5AC7BC2310C2}.Debug|x86.Build.0 = Debug|x86
		{030169A5-44D8-43FF-B657-5AC7BC2310C2}.Debug|x86.Deploy.0 = Debug|x86
		{030169A5-44D8-43FF-B657-5AC7BC2310C2}.Release|ARM.ActiveCfg = Release|ARM
		{030169A5-44D8-43FF-B657-5AC7BC2310C2}.Release|ARM.Build.0 = Release|ARM
		{030169A5-44D8-43FF-B657-5AC7BC2310C2}.Release|ARM.Deploy.0 = Release|ARM
		{030169A5-44D8-43FF-B657-5AC7BC2310C2}.Release|ARM64.ActiveCfg = Release|ARM64
		{030169A5-44D8-43FF-B657-5AC7BC2310C2}.Release|ARM64.Build.0 = Release|ARM64
		{030169A5-44D8-43FF-B657-5AC7BC2310C2}.Release|ARM64.Deploy.0 = Release|ARM64
		{030169A5-44D8-43FF-B657-5AC7BC2310C2}.Release|x64.ActiveCfg = Release|x64
		{030169A5-44D8-43FF-B657-5AC7BC2310C2}.Release|x64.Build.0 = Release|x64
		{030169A5-44D8-43FF-B657-5AC7BC2310C2}.Release|x64.Deploy.0 = Release|x64
		{030169A5-44D8-43FF-B657-5AC7BC2310C2}.Release|x86.ActiveCfg = Release|x86
		{030169A5-44D8-43FF-B657-5AC7BC2310C2}.Release|x86.Build.0 = Release|x86
		{030169A5-44D8-43FF-B657-5AC7BC2310C2}.Release|x86.Deploy.0 = Release|x86
		{5DF6870A-B26B-4E16-A9C0-8BC3A5FF8FE5}.Debug|ARM.ActiveCfg = Debug|ARM
		{5DF6870A-B26B-4E16-A9C0-8BC3A5FF8FE5}.Debug|ARM.Build.0 = Debug|ARM
		{5DF6870A-B26B-4E16-A9C0-8BC3A5FF8FE5}.Debug|ARM.Deploy.0 = Debug|ARM
		{5DF6870A-B26B-4E16-A9C0-8BC3A5FF8FE5}.Debug|ARM64.ActiveCfg = Debug|ARM64
		{5DF6870A-B26B-4E16-A9C0-8BC3A5FF8FE5}.Debug|ARM64.Build.0 = Debug|ARM64
		{5DF6870A-B26B-4E16-A9C0-8BC3A5FF8FE5}.Debug|ARM64.Deploy.0 = Debug|ARM64
		{5DF6870A-B26B-4E16-A9C0-8BC3A5FF8FE5}.Debug|x64.ActiveCfg = Debug|x64
		{5DF6870A-B26B-4E16-A9C0-8BC3A5FF8FE5}.Debug|x64.Build.0 = Debug|x64
		{5DF6870A-B26B-4E16-A9C0-8BC3A5FF8FE5}.Debug|x64.Deploy.0 = Debug|x64
		{5DF6870A-B26B-4E16-A9C0-8BC3A5FF8FE5}.Debug|x86.ActiveCfg = Debug|x86
		{5DF6870A-B26B-4E16-A9C0-8BC3A5FF8FE5}.Debug|x86.Build.0 = Debug|x86
		{5DF6870A-B26B-4E16-A9C0-8BC3A5FF8FE5}.Debug|x86.Deploy.0 = Debug|x86
		{5DF6870A-B26B-4E16-A9C0-8BC3A5FF8FE5}.Release|ARM.ActiveCfg = Release|ARM
		{5DF6870A-B26B-4E16-A9C0-8BC3A5FF8FE5}.Release|ARM.Build.0 = Release|ARM
		{5DF6870A-B26B-4E16-A9C0-8BC3A5FF8FE5}.Release|ARM.Deploy.0 = Release|ARM
		{5DF6870A-B26B-4E16-A9C0-8BC3A5FF8FE5}.Release|ARM64.ActiveCfg = Release|ARM64
		{5DF6870A-B26B-4E16-A9C0-8BC3A5FF8FE5}.Release|ARM64.Build.0 = Release|ARM64
		{5DF6870A-B26B-4E16-A9C0-8BC3A5FF8FE5}.Release|ARM64.Deploy.0 = Release|ARM64
		{5DF6870A-B26B-4E16-A9C0-8BC3A5FF8FE5}.Release|x64.ActiveCfg = Release|x64
		{5DF6870A-B26B-4E16-A9C0-8BC3A5FF8FE5}.Release|x64.Build.0 = Release|x64
		{5DF6870A-B26B-4E16-A9C0-8BC3A5FF8FE5}.Release|x64.Deploy.0 = Release|x64
		{5DF6870A-B26B-4E16-A9C0-8BC3A5FF8FE5}.Release|x86.ActiveCfg = Release|x86
		{5DF6870A-B26B-4E16-A9C0-8BC3A5FF8FE5}.Release|x86.Build.0 = Release|x86
		{5DF6870A-B26B-4E16-A9C0-8BC3A5FF8FE5}.Release|x86.Deploy.0 = Release|x86
		{65EFD6F3-0378-4FDF-B932-07BA80EF7ED6}.Debug|ARM.ActiveCfg = Debug|ARM
		{65EFD6F3-0378-4FDF-B932-07BA80EF7ED6}.Debug|ARM.Build.0 = Debug|ARM
		{65EFD6F3-0378-4FDF-B932-07BA80EF7ED6}.Debug|ARM.Deploy.0 = Debug|ARM
		{65EFD6F3-0378-4FDF-B932-07BA80EF7ED6}.Debug|ARM64.ActiveCfg = Debug|ARM64
		{65EFD6F3-0378-4FDF-B932-07BA80EF7ED6}.Debug|ARM64.Build.0 = Debug|ARM64
		{65EFD6F3-0378-4FDF-B932-07BA80EF7ED6}.Debug|ARM64.Deploy.0 = Debug|ARM64
		{65EFD6F3-0378-4FDF-B932-07BA80EF7ED6}.Debug|x64.ActiveCfg = Debug|x64
		{65EFD6F3-0378-4FDF-B932-07BA80EF7ED6}.Debug|x64.Build.0 = Debug|x64
		{65EFD6F3-0378-4FDF-B932-07BA80EF7ED6}.Debug|x64.Deploy.0 = Debug|x64
		{65EFD6F3-0378-4FDF-B932-07BA80EF7ED6}.Debug|x86.ActiveCfg = Debug|x86
		{65EFD6F3-0378-4FDF-B932-07BA80EF7ED6}.Debug|x86.Build.0 = Debug|x86
		{65EFD6F3-0378-4FDF-B932-07BA80EF7ED6}.Debug|x86.Deploy.0 = Debug|x86
		{65EFD6F3-0378-4FDF-B932-07BA80EF7ED6}.Release|ARM.ActiveCfg = Release|ARM
		{65EFD6F3-0378-4FDF-B932-07BA80EF7ED6}.Release|ARM.Build.0 = Release|ARM
		{65EFD6F3-0378-4FDF-B932-07BA80EF7ED6}.Release|ARM.Deploy.0 = Release|ARM
		{65EFD6F3-0378-4FDF-B932-07BA80EF7ED6}.Release|ARM64.ActiveCfg = Release|ARM64
		{65EFD6F3-0378-4FDF-B932-07BA80EF7ED6}.Release|ARM64.Build.0 = Release|ARM64
		{65EFD6F3-0378-4FDF-B932-07BA80EF7ED6}.Release|ARM64.Deploy.0 = Release|ARM64
		{65EFD6F3-0378-4FDF-B932-07BA80EF7ED6}.Release|x64.ActiveCfg = Release|x64
		{65EFD6F3-0378-4FDF-B932-07BA80EF7ED6}.Release|x64.Build.0 = Release|x64
		{65EFD6F3-0378-4FDF-B932-07BA80EF7ED6}.Release|x64.Deploy.0 = Release|x64
		{65EFD6F3-0378-4FDF-B932-07BA80EF7ED6}.Release|x86.ActiveCfg = Release|x86
		{65EFD6F3-0378-4FDF-B932-07BA80EF7ED6}.Release|x86.Build.0 = Release|x86
		{65EFD6F3-0378-4FDF-B932-07BA80EF7ED6}.Release|x86.Deploy.0 = Release|x86
		{24F6F0B5-363D-4B8E-B19B-1EED6B1EB092}.Debug|ARM.ActiveCfg = Debug|ARM
		{24F6F0B5-363D-4B8E-B19B-1EED6B1EB092}.Debug|ARM.Build.0 = Debug|ARM
		{24F6F0B5-363D-4B8E-B19B-1EED6B1EB092}.Debug|ARM.Deploy.0 = Debug|ARM
		{24F6F0B5-363D-4B8E-B19B-1EED6B1EB092}.Debug|ARM64.ActiveCfg = Debug|ARM64
		{24F6F0B5-363D-4B8E-B19B-1EED6B1EB092}.Debug|ARM64.Build.0 = Debug|ARM64
		{24F6F0B5-363D-4B8E-B19B-1EED6B1EB092}.Debug|ARM64.Deploy.0 = Debug|ARM64
		{24F6F0B5-363D-4B8E-B19B-1EED6B1EB092}.Debug|x64.ActiveCfg = Debug|x64
		{24F6F0B5-363D-4B8E-B19B-1EED6B1EB092}.Debug|x64.Build.0 = Debug|x64
		{24F6F0B5-363D-4B8E-B19B-1EED6B1EB092}.Debug|x64.Deploy.0 = Debug|x64
		{24F6F0B5-363D-4B8E-B19B-1EED6B1EB092}.Debug|x86.ActiveCfg = Debug|x86
		{24F6F0B5-363D-4B8E-B19B-1EED6B1EB092}.Debug|x86.Build.0 = Debug|x86
		{24F6F0B5-363D-4B8E-B19B-1EED6B1EB092}.Debug|x86.Deploy.0 = Debug|x86
		{24F6F0B5-363D-4B8E-B19B-1EED6B1EB092}.Release|ARM.ActiveCfg = Release|ARM
		{24F6F0B5-363D-4B8E-B19B-1EED6B1EB092}.Release|ARM.Build.0 = Release|ARM
		{24F6F0B5-363D-4B8E-B19B-1EED6B1EB092}.Release|ARM.Deploy.0 = Release|ARM
		{24F6F0B5-363D-4B8E-B19B-1EED6B1EB092}.Release|ARM64.ActiveCfg = Release|ARM64
		{24F6F0B5-363D-4B8E-B19B-1EED6B1EB092}.Release|ARM64.Build.0 = Release|ARM64
		{24F6F0B5-363D-4B8E-B19B-1EED6B1EB092}.Release|ARM64.Deploy.0 = Release|ARM64
		{24F6F0B5-363D-4B8E-B19B-1EED6B1EB092}.Release|x64.ActiveCfg = Release|x64
		{24F6F0B5-363D-4B8E-B19B-1EED6B1EB092}.Release|x64.Build.0 = Release|x64
		{24F6F0B5-363D-4B8E-B19B-1EED6B1EB092}.Release|x64.Deploy.0 = Release|x64
		{24F6F0B5-363D-4B8E-B19B-1EED6B1EB092}.Release|x86.ActiveCfg = Release|x86
		{24F6F0B5-363D-4B8E-B19B-1EED6B1EB092}.Release|x86.Build.0 = Release|x86
		{24F6F0B5-363D-4B8E-B19B-1EED6B1EB092}.Release|x86.Deploy.0 = Release|x86
		{B8EDB631-3123-44B8-85CE-99872D4C455C}.Debug|ARM.ActiveCfg = Debug|ARM
		{B8EDB631-3123-44B8-85CE-99872D4C455C}.Debug|ARM.Build.0 = Debug|ARM
		{B8EDB631-3123-44B8-85CE-99872D4C455C}.Debug|ARM.Deploy.0 = Debug|ARM
		{B8EDB631-3123-44B8-85CE-99872D4C455C}.Debug|ARM64.ActiveCfg = Debug|ARM64
		{B8EDB631-3123-44B8-85CE-99872D4C455C}.Debug|ARM64.Build.0 = Debug|ARM64
		{B8EDB631-3123-44B8-85CE-99872D4C455C}.Debug|ARM64.Deploy.0 = Debug|ARM64
		{B8EDB631-3123-44B8-85CE-99872D4C455C}.Debug|x64.ActiveCfg = Debug|x64
		{B8EDB631-3123-44B8-85CE-99872D4C455C}.Debug|x64.Build.0 = Debug|x64
		{B8EDB631-3123-44B8-85CE-99872D4C455C}.Debug|x64.Deploy.0 = Debug|x64
		{B8EDB631-3123-44B8-85CE-99872D4C455C}.Debug|x86.ActiveCfg = Debug|x86
		{B8EDB631-3123-44B8-85CE-99872D4C455C}.Debug|x86.Build.0 = Debug|x86
		{B8EDB631-3123-44B8-85CE-99872D4C455C}.Debug|x86.Deploy.0 = Debug|x86
		{B8EDB631-3123-44B8-85CE-99872D4C455C}.Release|ARM.ActiveCfg = Release|ARM
		{B8EDB631-3123-44B8-85CE-99872D4C455C}.Release|ARM.Build.0 = Release|ARM
		{B8EDB631-3123-44B8-85CE-99872D4C455C}.Release|ARM.Deploy.0 = Release|ARM
		{B8EDB631-3123-44B8-85CE-99872D4C455C}.Release|ARM64.ActiveCfg = Release|ARM64
		{B8EDB631-3123-44B8-85CE-99872D4C455C}.Release|ARM64.Build.0 = Release|ARM64
		{B8EDB631-3123-44B8-85CE-99872D4C455C}.Release|ARM64.Deploy.0 = Release|ARM64
		{B8EDB631-3123-44B8-85CE-99872D4C455C}.Release|x64.ActiveCfg = Release|x64
		{B8EDB631-3123-44B8-85CE-99872D4C455C}.Release|x64.Build.0 = Release|x64
		{B8EDB631-3123-44B8-85CE-99872D4C455C}.Release|x64.Deploy.0 = Release|x64
		{B8EDB631-3123-44B8-85CE-99872D4C455C}.Release|x86.ActiveCfg = Release|x86
		{B8EDB631-3123-44B8-85CE-99872D4C455C}.Release|x86.Build.0 = Release|x86
		{B8EDB631-3123-44B8-85CE-99872D4C455C}.Release|x86.Deploy.0 = Release|x86
		{955366F2-BA1A-49BB-9790-0BD7728D5FA3}.Debug|ARM.ActiveCfg = Debug|ARM
		{955366F2-BA1A-49BB-9790-0BD7728D5FA3}.Debug|ARM.Build.0 = Debug|ARM
		{955366F2-BA1A-49BB-9790-0BD7728D5FA3}.Debug|ARM.Deploy.0 = Debug|ARM
		{955366F2-BA1A-49BB-9790-0BD7728D5FA3}.Debug|ARM64.ActiveCfg = Debug|ARM64
		{955366F2-BA1A-49BB-9790-0BD7728D5FA3}.Debug|ARM64.Build.0 = Debug|ARM64
		{955366F2-BA1A-49BB-9790-0BD7728D5FA3}.Debug|ARM64.Deploy.0 = Debug|ARM64
		{955366F2-BA1A-49BB-9790-0BD7728D5FA3}.Debug|x64.ActiveCfg = Debug|x64
		{955366F2-BA1A-49BB-9790-0BD7728D5FA3}.Debug|x64.Build.0 = Debug|x64
		{955366F2-BA1A-49BB-9790-0BD7728D5FA3}.Debug|x64.Deploy.0 = Debug|x64
		{955366F2-BA1A-49BB-9790-0BD7728D5FA3}.Debug|x86.ActiveCfg = Debug|x86
		{955366F2-BA1A-49BB-9790-0BD7728D5FA3}.Debug|x86.Build.0 = Debug|x86
		{955366F2-BA1A-49BB-9790-0BD7728D5FA3}.Debug|x86.Deploy.0 = Debug|x86
		{955366F2-BA1A-49BB-9790-0BD7728D5FA3}.Release|ARM.ActiveCfg = Release|ARM
		{955366F2-BA1A-49BB-9790-0BD7728D5FA3}.Release|ARM.Build.0 = Release|ARM
		{955366F2-BA1A-49BB-9790-0BD7728D5FA3}.Release|ARM.Deploy.0 = Release|ARM
		{955366F2-BA1A-49BB-9790-0BD7728D5FA3}.Release|ARM64.ActiveCfg = Release|ARM64
		{955366F2-BA1A-49BB-9790-0BD7728D5FA3}.Release|ARM64.Build.0 = Release|ARM64
		{955366F2-BA1A-49BB-9790-0BD7728D5FA3}.Release|ARM64.Deploy.0 = Release|ARM64
		{955366F2-BA1A-49BB-9790-0BD7728D5FA3}.Release|x64.ActiveCfg = Release|x64
		{955366F2-BA1A-49BB-9790-0BD7728D5FA3}.Release|x64.Build.0 = Release|x64
		{955366F2-BA1A-49BB-9790-0BD7728D5FA3}.Release|x64.Deploy.0 = Release|x64
		{955366F2-BA1A-49BB-9790-0BD7728D5FA3}.Release|x86.ActiveCfg = Release|x86
		{955366F2-BA1A-49BB-9790-0BD7728D5FA3}.Release|x86.Build.0 = Release|x86
		{955366F2-BA1A-49BB-9790-0BD7728D5FA3}.Release|x86.Deploy.0 = Release|x86
		{F1A9A6A4-7387-4EF6-8A2C-5351AA345602}.Debug|ARM.ActiveCfg = Debug|ARM
		{F1A9A6A4-7387-4EF6-8A2C-5351AA345602}.Debug|ARM.Build.0 = Debug|ARM
		{F1A9A6A4-7387-4EF6-8A2C-5351AA345602}.Debug|ARM.Deploy.0 = Debug|ARM
		{F1A9A6A4-7387-4EF6-8A2C-5351AA345602}.Debug|ARM64.ActiveCfg = Debug|ARM64
		{F1A9A6A4-7387-4EF6-8A2C-5351AA345602}.Debug|ARM64.Build.0 = Debug|ARM64
		{F1A9A6A4-7387-4EF6-8A2C-5351AA345602}.Debug|ARM64.Deploy.0 = Debug|ARM64
		{F1A9A6A4-7387-4EF6-8A2C-5351AA345602}.Debug|x64.ActiveCfg = Debug|x64
		{F1A9A6A4-7387-4EF6-8A2C-5351AA345602}.Debug|x64.Build.0 = Debug|x64
		{F1A9A6A4-7387-4EF6-8A2C-5351AA345602}.Debug|x64.Deploy.0 = Debug|x64
		{F1A9A6A4-7387-4EF6-8A2C-5351AA345602}.Debug|x86.ActiveCfg = Debug|x86
		{F1A9A6A4-7387-4EF6-8A2C-5351AA345602}.Debug|x86.Build.0 = Debug|x86
		{F1A9A6A4-7387-4EF6-8A2C-5351AA345602}.Debug|x86.Deploy.0 = Debug|x86
		{F1A9A6A4-7387-4EF6-8A2C-5351AA345602}.Release|ARM.ActiveCfg = Release|ARM
		{F1A9A6A4-7387-4EF6-8A2C-5351AA345602}.Release|ARM.Build.0 = Release|ARM
		{F1A9A6A4-7387-4EF6-8A2C-5351AA345602}.Release|ARM.Deploy.0 = Release|ARM
		{F1A9A6A4-7387-4EF6-8A2C-5351AA345602}.Release|ARM64.ActiveCfg = Release|ARM64
		{F1A9A6A4-7387-4EF6-8A2C-5351AA345602}.Release|ARM64.Build.0 = Release|ARM64
		{F1A9A6A4-7387-4EF6-8A2C-5351AA345602}.Release|ARM64.Deploy.0 = Release|ARM64
		{F1A9A6A4-7387-4EF6-8A2C-5351AA345602}.Release|x64.ActiveCfg = Release|x64
		{F1A9A6A4-7387-4EF6-8A2C-5351AA345602}.Release|x64.Build.0 = Release|x64
		{F1A9A6A4-7387-4EF6-8A2C-5351AA345602}.Release|x64.Deploy.0 = Release|x64
		{F1A9A6A4-7387-4EF6-8A2C-5351AA345602}.Release|x86.ActiveCfg = Release|x86
		{F1A9A6A4-7387-4EF6-8A2C-5351AA345602}.Release|x86.Build.0 = Release|x86
		{F1A9A6A4-7387-4EF6-8A2C-5351AA345602}.Release|x86.Deploy.0 = Release|x86
		{BB2DD7AC-20AF-4439-A60D-7F156306080D}.Debug|ARM.ActiveCfg = Debug|ARM
		{BB2DD7AC-20AF-4439-A60D-7F156306080D}.Debug|ARM.Build.0 = Debug|ARM
		{BB2DD7AC-20AF-4439-A60D-7F156306080D}.Debug|ARM.Deploy.0 = Debug|ARM
		{BB2DD7AC-20AF-4439-A60D-7F156306080D}.Debug|ARM64.ActiveCfg = Debug|ARM64
		{BB2DD7AC-20AF-4439-A60D-7F156306080D}.Debug|ARM64.Build.0 = Debug|ARM64
		{BB2DD7AC-20AF-4439-A60D-7F156306080D}.Debug|ARM64.Deploy.0 = Debug|ARM64
		{BB2DD7AC-20AF-4439-A60D-7F156306080D}.Debug|x64.ActiveCfg = Debug|x64
		{BB2DD7AC-20AF-4439-A60D-7F156306080D}.Debug|x64.Build.0 = Debug|x64
		{BB2DD7AC-20AF-4439-A60D-7F156306080D}.Debug|x64.Deploy.0 = Debug|x64
		{BB2DD7AC-20AF-4439-A60D-7F156306080D}.Debug|x86.ActiveCfg = Debug|x86
		{BB2DD7AC-20AF-4439-A60D-7F156306080D}.Debug|x86.Build.0 = Debug|x86
		{BB2DD7AC-20AF-4439-A60D-7F156306080D}.Debug|x86.Deploy.0 = Debug|x86
		{BB2DD7AC-20AF-4439-A60D-7F156306080D}.Release|ARM.ActiveCfg = Release|ARM
		{BB2DD7AC-20AF-4439-A60D-7F156306080D}.Release|ARM.Build.0 = Release|ARM
		{BB2DD7AC-20AF-4439-A60D-7F156306080D}.Release|ARM.Deploy.0 = Release|ARM
		{BB2DD7AC-20AF-4439-A60D-7F156306080D}.Release|ARM64.ActiveCfg = Release|ARM64
		{BB2DD7AC-20AF-4439-A60D-7F156306080D}.Release|ARM64.Build.0 = Release|ARM64
		{BB2DD7AC-20AF-4439-A60D-7F156306080D}.Release|ARM64.Deploy.0 = Release|ARM64
		{BB2DD7AC-20AF-4439-A60D-7F156306080D}.Release|x64.ActiveCfg = Release|x64
		{BB2DD7AC-20AF-4439-A60D-7F156306080D}.Release|x64.Build.0 = Release|x64
		{BB2DD7AC-20AF-4439-A60D-7F156306080D}.Release|x64.Deploy.0 = Release|x64
		{BB2DD7AC-20AF-4439-A60D-7F156306080D}.Release|x86.ActiveCfg = Release|x86
		{BB2DD7AC-20AF-4439-A60D-7F156306080D}.Release|x86.Build.0 = Release|x86
		{BB2DD7AC-20AF-4439-A60D-7F156306080D}.Release|x86.Deploy.0 = Release|x86
		{1ED806CF-0B1E-4D86-B28B-1B8A560B3FC1}.Debug|ARM.ActiveCfg = Debug|ARM
		{1ED806CF-0B1E-4D86-B28B-1B8A560B3FC1}.Debug|ARM.Build.0 = Debug|ARM
		{1ED806CF-0B1E-4D86-B28B-1B8A560B3FC1}.Debug|ARM.Deploy.0 = Debug|ARM
		{1ED806CF-0B1E-4D86-B28B-1B8A560B3FC1}.Debug|ARM64.ActiveCfg = Debug|ARM64
		{1ED806CF-0B1E-4D86-B28B-1B8A560B3FC1}.Debug|ARM64.Build.0 = Debug|ARM64
		{1ED806CF-0B1E-4D86-B28B-1B8A560B3FC1}.Debug|ARM64.Deploy.0 = Debug|ARM64
		{1ED806CF-0B1E-4D86-B28B-1B8A560B3FC1}.Debug|x64.ActiveCfg = Debug|x64
		{1ED806CF-0B1E-4D86-B28B-1B8A560B3FC1}.Debug|x64.Build.0 = Debug|x64
		{1ED806CF-0B1E-4D86-B28B-1B8A560B3FC1}.Debug|x64.Deploy.0 = Debug|x64
		{1ED806CF-0B1E-4D86-B28B-1B8A560B3FC1}.Debug|x86.ActiveCfg = Debug|x86
		{1ED806CF-0B1E-4D86-B28B-1B8A560B3FC1}.Debug|x86.Build.0 = Debug|x86
		{1ED806CF-0B1E-4D86-B28B-1B8A560B3FC1}.Debug|x86.Deploy.0 = Debug|x86
		{1ED806CF-0B1E-4D86-B28B-1B8A560B3FC1}.Release|ARM.ActiveCfg = Release|ARM
		{1ED806CF-0B1E-4D86-B28B-1B8A560B3FC1}.Release|ARM.Build.0 = Release|ARM
		{1ED806CF-0B1E-4D86-B28B-1B8A560B3FC1}.Release|ARM.Deploy.0 = Release|ARM
		{1ED806CF-0B1E-4D86-B28B-1B8A560B3FC1}.Release|ARM64.ActiveCfg = Release|ARM64
		{1ED806CF-0B1E-4D86-B28B-1B8A560B3FC1}.Release|ARM64.Build.0 = Release|ARM64
		{1ED806CF-0B1E-4D86-B28B-1B8A560B3FC1}.Release|ARM64.Deploy.0 = Release|ARM64
		{1ED806CF-0B1E-4D86-B28B-1B8A560B3FC1}.Release|x64.ActiveCfg = Release|x64
		{1ED806CF-0B1E-4D86-B28B-1B8A560B3FC1}.Release|x64.Build.0 = Release|x64
		{1ED806CF-0B1E-4D86-B28B-1B8A560B3FC1}.Release|x64.Deploy.0 = Release|x64
		{1ED806CF-0B1E-4D86-B28B-1B8A560B3FC1}.Release|x86.ActiveCfg = Release|x86
		{1ED806CF-0B1E-4D86-B28B-1B8A560B3FC1}.Release|x86.Build.0 = Release|x86
		{1ED806CF-0B1E-4D86-B28B-1B8A560B3FC1}.Release|x86.Deploy.0 = Release|x86
		{B2C87F15-86CA-4EC8-80BD-0655B0A45167}.Debug|ARM.ActiveCfg = Debug|ARM
		{B2C87F15-86CA-4EC8-80BD-0655B0A45167}.Debug|ARM.Build.0 = Debug|ARM
		{B2C87F15-86CA-4EC8-80BD-0655B0A45167}.Debug|ARM.Deploy.0 = Debug|ARM
		{B2C87F15-86CA-4EC8-80BD-0655B0A45167}.Debug|ARM64.ActiveCfg = Debug|ARM64
		{B2C87F15-86CA-4EC8-80BD-0655B0A45167}.Debug|ARM64.Build.0 = Debug|ARM64
		{B2C87F15-86CA-4EC8-80BD-0655B0A45167}.Debug|ARM64.Deploy.0 = Debug|ARM64
		{B2C87F15-86CA-4EC8-80BD-0655B0A45167}.Debug|x64.ActiveCfg = Debug|x64
		{B2C87F15-86CA-4EC8-80BD-0655B0A45167}.Debug|x64.Build.0 = Debug|x64
		{B2C87F15-86CA-4EC8-80BD-0655B0A45167}.Debug|x64.Deploy.0 = Debug|x64
		{B2C87F15-86CA-4EC8-80BD-0655B0A45167}.Debug|x86.ActiveCfg = Debug|x86
		{B2C87F15-86CA-4EC8-80BD-0655B0A45167}.Debug|x86.Build.0 = Debug|x86
		{B2C87F15-86CA-4EC8-80BD-0655B0A45167}.Debug|x86.Deploy.0 = Debug|x86
		{B2C87F15-86CA-4EC8-80BD-0655B0A45167}.Release|ARM.ActiveCfg = Release|ARM
		{B2C87F15-86CA-4EC8-80BD-0655B0A45167}.Release|ARM.Build.0 = Release|ARM
		{B2C87F15-86CA-4EC8-80BD-0655B0A45167}.Release|ARM.Deploy.0 = Release|ARM
		{B2C87F15-86CA-4EC8-80BD-0655B0A45167}.Release|ARM64.ActiveCfg = Release|ARM64
		{B2C87F15-86CA-4EC8-80BD-0655B0A45167}.Release|ARM64.Build.0 = Release|ARM64
		{B2C87F15-86CA-4EC8-80BD-0655B0A45167}.Release|ARM64.Deploy.0 = Release|ARM64
		{B2C87F15-86CA-4EC8-80BD-0655B0A45167}.Release|x64.ActiveCfg = Release|x64
		{B2C87F15-86CA-4EC8-80BD-0655B0A45167}.Release|x64.Build.0 = Release|x64
		{B2C87F15-86CA-4EC8-80BD-0655B0A45167}.Release|x64.Deploy.0 = Release|x64
		{B2C87F15-86CA-4EC8-80BD-0655B0A45167}.Release|x86.ActiveCfg = Release|x86
		{B2C87F15-86CA-4EC8-80BD-0655B0A45167}.Release|x86.Build.0 = Release|x86
		{B2C87F15-86CA-4EC8-80BD-0655B0A45167}.Release|x86.Deploy.0 = Release|x86
	EndGlobalSection
	GlobalSection(SolutionProperties) = preSolution
		HideSolutionNode = FALSE
	EndGlobalSection
	GlobalSection(ExtensibilityGlobals) = postSolution
		SolutionGuid = {74F451F2-223C-4DEF-AEB7-2AE8305120F4}
	EndGlobalSection
EndGlobal
