
Microsoft Visual Studio Solution File, Format Version 12.00
# Visual Studio Version 17
VisualStudioVersion = 17.0.31912.275
MinimumVisualStudioVersion = 10.0.40219.1
Project("{8BC9CEB8-8B4A-11D0-8D11-00A0C91BC942}") = "ConsoleApplication1", "ConsoleApplication1\ConsoleApplication1.vcxproj", "{BC1D6243-9ACA-419B-9CD4-18C1548847E4}"
EndProject
Project("{8BC9CEB8-8B4A-11D0-8D11-00A0C91BC942}") = "ConsoleApplication2", "ConsoleApplication2\ConsoleApplication2.vcxproj", "{030169A5-44D8-43FF-B657-5AC7BC2310C2}"
EndProject
Project("{8BC9CEB8-8B4A-11D0-8D11-00A0C91BC942}") = "ConsoleApplication3", "ConsoleApplication3\ConsoleApplication3.vcxproj", "{5DF6870A-B26B-4E16-A9C0-8BC3A5FF8FE5}"
EndProject
Global
	GlobalSection(SolutionConfigurationPlatforms) = preSolution
		Debug|ARM = Debug|ARM
		Debug|ARM64 = Debug|ARM64
		Debug|x64 = Debug|x64
		Debug|x86 = Debug|x86
		Release|ARM = Release|ARM
		Release|ARM64 = Release|ARM64
		Release|x64 = Release|x64
		Release|x86 = Release|x86
	EndGlobalSection
	GlobalSection(ProjectConfigurationPlatforms) = postSolution
		{BC1D6243-9ACA-419B-9CD4-18C1548847E4}.Debug|ARM.ActiveCfg = Debug|ARM
		{BC1D6243-9ACA-419B-9CD4-18C1548847E4}.Debug|ARM.Build.0 = Debug|ARM
		{BC1D6243-9ACA-419B-9CD4-18C1548847E4}.Debug|ARM.Deploy.0 = Debug|ARM
		{BC1D6243-9ACA-419B-9CD4-18C1548847E4}.Debug|ARM64.ActiveCfg = Debug|ARM64
		{BC1D6243-9ACA-419B-9CD4-18C1548847E4}.Debug|ARM64.Build.0 = Debug|ARM64
		{BC1D6243-9ACA-419B-9CD4-18C1548847E4}.Debug|ARM64.Deploy.0 = Debug|ARM64
		{BC1D6243-9ACA-419B-9CD4-18C1548847E4}.Debug|x64.ActiveCfg = Debug|x64
		{BC1D6243-9ACA-419B-9CD4-18C1548847E4}.Debug|x64.Build.0 = Debug|x64
		{BC1D6243-9ACA-419B-9CD4-18C1548847E4}.Debug|x64.Deploy.0 = Debug|x64
		{BC1D6243-9ACA-419B-9CD4-18C1548847E4}.Debug|x86.ActiveCfg = Debug|x86
		{BC1D6243-9ACA-419B-9CD4-18C1548847E4}.Debug|x86.Build.0 = Debug|x86
		{BC1D6243-9ACA-419B-9CD4-18C1548847E4}.Debug|x86.Deploy.0 = Debug|x86
		{BC1D6243-9ACA-419B-9CD4-18C1548847E4}.Release|ARM.ActiveCfg = Release|ARM
		{BC1D6243-9ACA-419B-9CD4-18C1548847E4}.Release|ARM.Build.0 = Release|ARM
		{BC1D6243-9ACA-419B-9CD4-18C1548847E4}.Release|ARM.Deploy.0 = Release|ARM
		{BC1D6243-9ACA-419B-9CD4-18C1548847E4}.Release|ARM64.ActiveCfg = Release|ARM64
		{BC1D6243-9ACA-419B-9CD4-18C1548847E4}.Release|ARM64.Build.0 = Release|ARM64
		{BC1D6243-9ACA-419B-9CD4-18C1548847E4}.Release|ARM64.Deploy.0 = Release|ARM64
		{BC1D6243-9ACA-419B-9CD4-18C1548847E4}.Release|x64.ActiveCfg = Release|x64
		{BC1D6243-9ACA-419B-9CD4-18C1548847E4}.Release|x64.Build.0 = Release|x64
		{BC1D6243-9ACA-419B-9CD4-18C1548847E4}.Release|x64.Deploy.0 = Release|x64
		{BC1D6243-9ACA-419B-9CD4-18C1548847E4}.Release|x86.ActiveCfg = Release|x86
		{BC1D6243-9ACA-419B-9CD4-18C1548847E4}.Release|x86.Build.0 = Release|x86
		{BC1D6243-9ACA-419B-9CD4-18C1548847E4}.Release|x86.Deploy.0 = Release|x86
		{030169A5-44D8-43FF-B657-5AC7BC2310C2}.Debug|ARM.ActiveCfg = Debug|ARM
		{030169A5-44D8-43FF-B657-5AC7BC2310C2}.Debug|ARM.Build.0 = Debug|ARM
		{030169A5-44D8-43FF-B657-5AC7BC2310C2}.Debug|ARM.Deploy.0 = Debug|ARM
		{030169A5-44D8-43FF-B657-5AC7BC2310C2}.Debug|ARM64.ActiveCfg = Debug|ARM64
		{030169A5-44D8-43FF-B657-5AC7BC2310C2}.Debug|ARM64.Build.0 = Debug|ARM64
		{030169A5-44D8-43FF-B657-5AC7BC2310C2}.Debug|ARM64.Deploy.0 = Debug|ARM64
		{030169A5-44D8-43FF-B657-5AC7BC2310C2}.Debug|x64.ActiveCfg = Debug|x64
		{030169A5-44D8-43FF-B657-5AC7BC2310C2}.Debug|x64.Build.0 = Debug|x64
		{030169A5-44D8-43FF-B657-5AC7BC2310C2}.Debug|x64.Deploy.0 = Debug|x64
		{030169A5-44D8-43FF-B657-5AC7BC2310C2}.Debug|x86.ActiveCfg = Debug|x86
		{030169A5-44D8-43FF-B657-5AC7BC2310C2}.Debug|x86.Build.0 = Debug|x86
		{030169A5-44D8-43FF-B657-5AC7BC2310C2}.Debug|x86.Deploy.0 = Debug|x86
		{030169A5-44D8-43FF-B657-5AC7BC2310C2}.Release|ARM.ActiveCfg = Release|ARM
		{030169A5-44D8-43FF-B657-5AC7BC2310C2}.Release|ARM.Build.0 = Release|ARM
		{030169A5-44D8-43FF-B657-5AC7BC2310C2}.Release|ARM.Deploy.0 = Release|ARM
		{030169A5-44D8-43FF-B657-5AC7BC2310C2}.Release|ARM64.ActiveCfg = Release|ARM64
		{030169A5-44D8-43FF-B657-5AC7BC2310C2}.Release|ARM64.Build.0 = Release|ARM64
		{030169A5-44D8-43FF-B657-5AC7BC2310C2}.Release|ARM64.Deploy.0 = Release|ARM64
		{030169A5-44D8-43FF-B657-5AC7BC2310C2}.Release|x64.ActiveCfg = Release|x64
		{030169A5-44D8-43FF-B657-5AC7BC2310C2}.Release|x64.Build.0 = Release|x64
		{030169A5-44D8-43FF-B657-5AC7BC2310C2}.Release|x64.Deploy.0 = Release|x64
		{030169A5-44D8-43FF-B657-5AC7BC2310C2}.Release|x86.ActiveCfg = Release|x86
		{030169A5-44D8-43FF-B657-5AC7BC2310C2}.Release|x86.Build.0 = Release|x86
		{030169A5-44D8-43FF-B657-5AC7BC2310C2}.Release|x86.Deploy.0 = Release|x86
		{5DF6870A-B26B-4E16-A9C0-8BC3A5FF8FE5}.Debug|ARM.ActiveCfg = Debug|ARM
		{5DF6870A-B26B-4E16-A9C0-8BC3A5FF8FE5}.Debug|ARM.Build.0 = Debug|ARM
		{5DF6870A-B26B-4E16-A9C0-8BC3A5FF8FE5}.Debug|ARM.Deploy.0 = Debug|ARM
		{5DF6870A-B26B-4E16-A9C0-8BC3A5FF8FE5}.Debug|ARM64.ActiveCfg = Debug|ARM64
		{5DF6870A-B26B-4E16-A9C0-8BC3A5FF8FE5}.Debug|ARM64.Build.0 = Debug|ARM64
		{5DF6870A-B26B-4E16-A9C0-8BC3A5FF8FE5}.Debug|ARM64.Deploy.0 = Debug|ARM64
		{5DF6870A-B26B-4E16-A9C0-8BC3A5FF8FE5}.Debug|x64.ActiveCfg = Debug|x64
		{5DF6870A-B26B-4E16-A9C0-8BC3A5FF8FE5}.Debug|x64.Build.0 = Debug|x64
		{5DF6870A-B26B-4E16-A9C0-8BC3A5FF8FE5}.Debug|x64.Deploy.0 = Debug|x64
		{5DF6870A-B26B-4E16-A9C0-8BC3A5FF8FE5}.Debug|x86.ActiveCfg = Debug|x86
		{5DF6870A-B26B-4E16-A9C0-8BC3A5FF8FE5}.Debug|x86.Build.0 = Debug|x86
		{5DF6870A-B26B-4E16-A9C0-8BC3A5FF8FE5}.Debug|x86.Deploy.0 = Debug|x86
		{5DF6870A-B26B-4E16-A9C0-8BC3A5FF8FE5}.Release|ARM.ActiveCfg = Release|ARM
		{5DF6870A-B26B-4E16-A9C0-8BC3A5FF8FE5}.Release|ARM.Build.0 = Release|ARM
		{5DF6870A-B26B-4E16-A9C0-8BC3A5FF8FE5}.Release|ARM.Deploy.0 = Release|ARM
		{5DF6870A-B26B-4E16-A9C0-8BC3A5FF8FE5}.Release|ARM64.ActiveCfg = Release|ARM64
		{5DF6870A-B26B-4E16-A9C0-8BC3A5FF8FE5}.Release|ARM64.Build.0 = Release|ARM64
		{5DF6870A-B26B-4E16-A9C0-8BC3A5FF8FE5}.Release|ARM64.Deploy.0 = Release|ARM64
		{5DF6870A-B26B-4E16-A9C0-8BC3A5FF8FE5}.Release|x64.ActiveCfg = Release|x64
		{5DF6870A-B26B-4E16-A9C0-8BC3A5FF8FE5}.Release|x64.Build.0 = Release|x64
		{5DF6870A-B26B-4E16-A9C0-8BC3A5FF8FE5}.Release|x64.Deploy.0 = Release|x64
		{5DF6870A-B26B-4E16-A9C0-8BC3A5FF8FE5}.Release|x86.ActiveCfg = Release|x86
		{5DF6870A-B26B-4E16-A9C0-8BC3A5FF8FE5}.Release|x86.Build.0 = Release|x86
		{5DF6870A-B26B-4E16-A9C0-8BC3A5FF8FE5}.Release|x86.Deploy.0 = Release|x86
	EndGlobalSection
	GlobalSection(SolutionProperties) = preSolution
		HideSolutionNode = FALSE
	EndGlobalSection
	GlobalSection(ExtensibilityGlobals) = postSolution
		SolutionGuid = {74F451F2-223C-4DEF-AEB7-2AE8305120F4}
	EndGlobalSection
EndGlobal
